
Microsoft Visual Studio Solution File, Format Version 12.00
# Visual Studio 14
VisualStudioVersion = 14.0.25420.1
MinimumVisualStudioVersion = 10.0.40219.1
Project("{FAE04EC0-301F-11D3-BF4B-00C04F79EFBC}") = "Student_Contact_Final", "Student_Contact_Final\Student_Contact_Final.csproj", "{423855B0-9CDC-4A3C-8DD6-DB53A025B078}"
EndProject
Project("{FAE04EC0-301F-11D3-BF4B-00C04F79EFBC}") = "Student_Contact_Final_GUI", "Student_Contact_Final_GUI\Student_Contact_Final_GUI.csproj", "{17289FF6-3089-4B99-A387-DB8EB2695C30}"
EndProject
Project("{FAE04EC0-301F-11D3-BF4B-00C04F79EFBC}") = "DTOCls", "DTOCls\DTOCls.csproj", "{528203D6-64E5-4A88-B348-A6B678502FAF}"
EndProject
Global
	GlobalSection(SolutionConfigurationPlatforms) = preSolution
		Debug|Any CPU = Debug|Any CPU
		Release|Any CPU = Release|Any CPU
	EndGlobalSection
	GlobalSection(ProjectConfigurationPlatforms) = postSolution
		{423855B0-9CDC-4A3C-8DD6-DB53A025B078}.Debug|Any CPU.ActiveCfg = Debug|Any CPU
		{423855B0-9CDC-4A3C-8DD6-DB53A025B078}.Debug|Any CPU.Build.0 = Debug|Any CPU
		{423855B0-9CDC-4A3C-8DD6-DB53A025B078}.Release|Any CPU.ActiveCfg = Release|Any CPU
		{423855B0-9CDC-4A3C-8DD6-DB53A025B078}.Release|Any CPU.Build.0 = Release|Any CPU
		{17289FF6-3089-4B99-A387-DB8EB2695C30}.Debug|Any CPU.ActiveCfg = Debug|Any CPU
		{17289FF6-3089-4B99-A387-DB8EB2695C30}.Debug|Any CPU.Build.0 = Debug|Any CPU
		{17289FF6-3089-4B99-A387-DB8EB2695C30}.Release|Any CPU.ActiveCfg = Release|Any CPU
		{17289FF6-3089-4B99-A387-DB8EB2695C30}.Release|Any CPU.Build.0 = Release|Any CPU
		{528203D6-64E5-4A88-B348-A6B678502FAF}.Debug|Any CPU.ActiveCfg = Debug|Any CPU
		{528203D6-64E5-4A88-B348-A6B678502FAF}.Debug|Any CPU.Build.0 = Debug|Any CPU
		{528203D6-64E5-4A88-B348-A6B678502FAF}.Release|Any CPU.ActiveCfg = Release|Any CPU
		{528203D6-64E5-4A88-B348-A6B678502FAF}.Release|Any CPU.Build.0 = Release|Any CPU
	EndGlobalSection
	GlobalSection(SolutionProperties) = preSolution
		HideSolutionNode = FALSE
	EndGlobalSection
EndGlobal
